
Microsoft Visual Studio Solution File, Format Version 12.00
# Visual Studio Version 17
VisualStudioVersion = 17.4.33213.308
MinimumVisualStudioVersion = 10.0.40219.1
Project("{FAE04EC0-301F-11D3-BF4B-00C04F79EFBC}") = "ClassLibrary1", "ClassLibrary1\ClassLibrary1.csproj", "{5CC1776B-F0DB-4A00-9D76-A664C4B8B551}"
EndProject
Global
	GlobalSection(SolutionConfigurationPlatforms) = preSolution
		Debug|Any CPU = Debug|Any CPU
		Release|Any CPU = Release|Any CPU
	EndGlobalSection
	GlobalSection(ProjectConfigurationPlatforms) = postSolution
		{5CC1776B-F0DB-4A00-9D76-A664C4B8B551}.Debug|Any CPU.ActiveCfg = Debug|Any CPU
		{5CC1776B-F0DB-4A00-9D76-A664C4B8B551}.Debug|Any CPU.Build.0 = Debug|Any CPU
		{5CC1776B-F0DB-4A00-9D76-A664C4B8B551}.Release|Any CPU.ActiveCfg = Release|Any CPU
		{5CC1776B-F0DB-4A00-9D76-A664C4B8B551}.Release|Any CPU.Build.0 = Release|Any CPU
	EndGlobalSection
	GlobalSection(SolutionProperties) = preSolution
		HideSolutionNode = FALSE
	EndGlobalSection
	GlobalSection(ExtensibilityGlobals) = postSolution
		SolutionGuid = {835EE336-E8B9-4629-AC63-39DB77E6D181}
	EndGlobalSection
EndGlobal
